
Microsoft Visual Studio Solution File, Format Version 12.00
# Visual Studio Version 17
VisualStudioVersion = 17.4.33103.184
MinimumVisualStudioVersion = 10.0.40219.1
Project("{FAE04EC0-301F-11D3-BF4B-00C04F79EFBC}") = "Assignment3_CsharpOOP", "Assignment3_CsharpOOP.csproj", "{96BB549A-A4D9-4EFA-8102-ED2835EF624B}"
EndProject
Global
	GlobalSection(SolutionConfigurationPlatforms) = preSolution
		Debug|Any CPU = Debug|Any CPU
		Release|Any CPU = Release|Any CPU
	EndGlobalSection
	GlobalSection(ProjectConfigurationPlatforms) = postSolution
		{96BB549A-A4D9-4EFA-8102-ED2835EF624B}.Debug|Any CPU.ActiveCfg = Debug|Any CPU
		{96BB549A-A4D9-4EFA-8102-ED2835EF624B}.Debug|Any CPU.Build.0 = Debug|Any CPU
		{96BB549A-A4D9-4EFA-8102-ED2835EF624B}.Release|Any CPU.ActiveCfg = Release|Any CPU
		{96BB549A-A4D9-4EFA-8102-ED2835EF624B}.Release|Any CPU.Build.0 = Release|Any CPU
	EndGlobalSection
	GlobalSection(SolutionProperties) = preSolution
		HideSolutionNode = FALSE
	EndGlobalSection
	GlobalSection(ExtensibilityGlobals) = postSolution
		SolutionGuid = {07614B82-B898-40BB-BC4D-295029826F32}
	EndGlobalSection
EndGlobal
